
Microsoft Visual Studio Solution File, Format Version 12.00
# Visual Studio Version 17
VisualStudioVersion = 17.4.33213.308
MinimumVisualStudioVersion = 10.0.40219.1
Project("{FAE04EC0-301F-11D3-BF4B-00C04F79EFBC}") = "GraduateWork", "GraduateWork.csproj", "{675398D6-23B4-4244-BBDC-CBCCE71E90D5}"
EndProject
Global
	GlobalSection(SolutionConfigurationPlatforms) = preSolution
		Debug|Any CPU = Debug|Any CPU
		Release|Any CPU = Release|Any CPU
	EndGlobalSection
	GlobalSection(ProjectConfigurationPlatforms) = postSolution
		{675398D6-23B4-4244-BBDC-CBCCE71E90D5}.Debug|Any CPU.ActiveCfg = Debug|Any CPU
		{675398D6-23B4-4244-BBDC-CBCCE71E90D5}.Debug|Any CPU.Build.0 = Debug|Any CPU
		{675398D6-23B4-4244-BBDC-CBCCE71E90D5}.Release|Any CPU.ActiveCfg = Release|Any CPU
		{675398D6-23B4-4244-BBDC-CBCCE71E90D5}.Release|Any CPU.Build.0 = Release|Any CPU
	EndGlobalSection
	GlobalSection(SolutionProperties) = preSolution
		HideSolutionNode = FALSE
	EndGlobalSection
	GlobalSection(ExtensibilityGlobals) = postSolution
		SolutionGuid = {8755D2FA-02B0-4ABD-9ED1-920227FAC971}
	EndGlobalSection
EndGlobal
